
Microsoft Visual Studio Solution File, Format Version 12.00
# Visual Studio Version 16
VisualStudioVersion = 16.0.30804.86
MinimumVisualStudioVersion = 10.0.40219.1
Project("{FAE04EC0-301F-11D3-BF4B-00C04F79EFBC}") = "Task_Array_Ring", "Task_Array_Ring\Task_Array_Ring.csproj", "{EBADF52C-8996-461C-AB5F-5D31F1E19EAF}"
EndProject
Global
	GlobalSection(SolutionConfigurationPlatforms) = preSolution
		Debug|Any CPU = Debug|Any CPU
		Release|Any CPU = Release|Any CPU
	EndGlobalSection
	GlobalSection(ProjectConfigurationPlatforms) = postSolution
		{EBADF52C-8996-461C-AB5F-5D31F1E19EAF}.Debug|Any CPU.ActiveCfg = Debug|Any CPU
		{EBADF52C-8996-461C-AB5F-5D31F1E19EAF}.Debug|Any CPU.Build.0 = Debug|Any CPU
		{EBADF52C-8996-461C-AB5F-5D31F1E19EAF}.Release|Any CPU.ActiveCfg = Release|Any CPU
		{EBADF52C-8996-461C-AB5F-5D31F1E19EAF}.Release|Any CPU.Build.0 = Release|Any CPU
	EndGlobalSection
	GlobalSection(SolutionProperties) = preSolution
		HideSolutionNode = FALSE
	EndGlobalSection
	GlobalSection(ExtensibilityGlobals) = postSolution
		SolutionGuid = {5CE6F6A9-8514-4758-8F65-E18EF05A9F2A}
	EndGlobalSection
EndGlobal
